
Microsoft Visual Studio Solution File, Format Version 12.00
Project("{FAE04EC0-301F-11D3-BF4B-00C04F79EFBC}") = "BLL.Utilities", "src\BLL.Utilities.csproj", "{B76303F4-D9AB-463E-BED3-36D030071167}"
EndProject
Project("{FAE04EC0-301F-11D3-BF4B-00C04F79EFBC}") = "BLL.Utilities.Test.Integration", "test\BLL.Utilities.Test.Integration\BLL.Utilities.Test.Integration.csproj", "{D4CE018D-9BC4-4CB4-9664-2DB2ECEEAEB0}"
EndProject
Project("{2150E333-8FDC-42A3-9474-1A3956D46DE8}") = "Solution items", "Solution items", "{8CFB4599-3B7A-44A8-8B70-78372A509DC0}"
	ProjectSection(SolutionItems) = preProject
		.gitignore = .gitignore
		.gitlab-ci.yml = .gitlab-ci.yml
		CHANGELOG.md = CHANGELOG.md
		CONTRIBUTING.md = CONTRIBUTING.md
	EndProjectSection
EndProject
Global
	GlobalSection(SolutionConfigurationPlatforms) = preSolution
		Debug|Any CPU = Debug|Any CPU
		Release|Any CPU = Release|Any CPU
	EndGlobalSection
	GlobalSection(ProjectConfigurationPlatforms) = postSolution
		{B76303F4-D9AB-463E-BED3-36D030071167}.Debug|Any CPU.ActiveCfg = Debug|Any CPU
		{B76303F4-D9AB-463E-BED3-36D030071167}.Debug|Any CPU.Build.0 = Debug|Any CPU
		{B76303F4-D9AB-463E-BED3-36D030071167}.Release|Any CPU.ActiveCfg = Release|Any CPU
		{B76303F4-D9AB-463E-BED3-36D030071167}.Release|Any CPU.Build.0 = Release|Any CPU
		{D4CE018D-9BC4-4CB4-9664-2DB2ECEEAEB0}.Debug|Any CPU.ActiveCfg = Debug|Any CPU
		{D4CE018D-9BC4-4CB4-9664-2DB2ECEEAEB0}.Debug|Any CPU.Build.0 = Debug|Any CPU
		{D4CE018D-9BC4-4CB4-9664-2DB2ECEEAEB0}.Release|Any CPU.ActiveCfg = Release|Any CPU
		{D4CE018D-9BC4-4CB4-9664-2DB2ECEEAEB0}.Release|Any CPU.Build.0 = Release|Any CPU
	EndGlobalSection
EndGlobal
